
Microsoft Visual Studio Solution File, Format Version 12.00
# Visual Studio 14
VisualStudioVersion = 14.0.25420.1
MinimumVisualStudioVersion = 10.0.40219.1
Project("{FAE04EC0-301F-11D3-BF4B-00C04F79EFBC}") = "BuildMasterExtension", "BuildMasterExtension\BuildMasterExtension.csproj", "{F1AF582F-6A0E-4606-AF25-09A5599F9A3E}"
EndProject
Project("{D954291E-2A0B-460D-934E-DC6B0785DB48}") = "Common", "Common\Common.shproj", "{F262997E-B163-4A56-8322-8390371BE569}"
EndProject
Project("{FAE04EC0-301F-11D3-BF4B-00C04F79EFBC}") = "OtterExtension", "OtterExtension\OtterExtension.csproj", "{7DC4BB75-DCF2-425D-AB05-5E699932AE01}"
EndProject
Global
	GlobalSection(SharedMSBuildProjectFiles) = preSolution
		Common\Common.projitems*{f262997e-b163-4a56-8322-8390371be569}*SharedItemsImports = 13
	EndGlobalSection
	GlobalSection(SolutionConfigurationPlatforms) = preSolution
		Debug|Any CPU = Debug|Any CPU
		Release|Any CPU = Release|Any CPU
	EndGlobalSection
	GlobalSection(ProjectConfigurationPlatforms) = postSolution
		{F1AF582F-6A0E-4606-AF25-09A5599F9A3E}.Debug|Any CPU.ActiveCfg = Debug|Any CPU
		{F1AF582F-6A0E-4606-AF25-09A5599F9A3E}.Debug|Any CPU.Build.0 = Debug|Any CPU
		{F1AF582F-6A0E-4606-AF25-09A5599F9A3E}.Release|Any CPU.ActiveCfg = Release|Any CPU
		{F1AF582F-6A0E-4606-AF25-09A5599F9A3E}.Release|Any CPU.Build.0 = Release|Any CPU
		{7DC4BB75-DCF2-425D-AB05-5E699932AE01}.Debug|Any CPU.ActiveCfg = Debug|Any CPU
		{7DC4BB75-DCF2-425D-AB05-5E699932AE01}.Debug|Any CPU.Build.0 = Debug|Any CPU
		{7DC4BB75-DCF2-425D-AB05-5E699932AE01}.Release|Any CPU.ActiveCfg = Release|Any CPU
		{7DC4BB75-DCF2-425D-AB05-5E699932AE01}.Release|Any CPU.Build.0 = Release|Any CPU
	EndGlobalSection
	GlobalSection(SolutionProperties) = preSolution
		HideSolutionNode = FALSE
	EndGlobalSection
EndGlobal
